
Microsoft Visual Studio Solution File, Format Version 12.00
# Visual Studio 2013
VisualStudioVersion = 12.0.40629.0
MinimumVisualStudioVersion = 10.0.40219.1
Project("{E24C65DC-7377-472B-9ABA-BC803B73C61A}") = "MasterBadgeTrackingSolution(1)", "http://localhost:2920", "{C433E932-769B-42B7-A947-CA3A13AE6683}"
	ProjectSection(WebsiteProperties) = preProject
		UseIISExpress = "true"
		TargetFrameworkMoniker = ".NETFramework,Version%3Dv4.5"
		Debug.AspNetCompiler.VirtualPath = "/localhost_2920"
		Debug.AspNetCompiler.PhysicalPath = "..\..\..\GitHub\MasterbadgeWebapp2.0\MasterbadgeWebapp2.0\MasterBadgeTrackingSolution\"
		Debug.AspNetCompiler.TargetPath = "PrecompiledWeb\localhost_2920\"
		Debug.AspNetCompiler.Updateable = "true"
		Debug.AspNetCompiler.ForceOverwrite = "true"
		Debug.AspNetCompiler.FixedNames = "false"
		Debug.AspNetCompiler.Debug = "True"
		Release.AspNetCompiler.VirtualPath = "/localhost_2920"
		Release.AspNetCompiler.PhysicalPath = "..\..\..\GitHub\MasterbadgeWebapp2.0\MasterbadgeWebapp2.0\MasterBadgeTrackingSolution\"
		Release.AspNetCompiler.TargetPath = "PrecompiledWeb\localhost_2920\"
		Release.AspNetCompiler.Updateable = "true"
		Release.AspNetCompiler.ForceOverwrite = "true"
		Release.AspNetCompiler.FixedNames = "false"
		Release.AspNetCompiler.Debug = "False"
		SlnRelativePath = "..\..\..\GitHub\MasterbadgeWebapp2.0\MasterbadgeWebapp2.0\MasterBadgeTrackingSolution\"
	EndProjectSection
EndProject
Project("{FAE04EC0-301F-11D3-BF4B-00C04F79EFBC}") = "MasterbadgeWebSeriveApp", "MasterbadgeWebSeriveApp\MasterbadgeWebSeriveApp.csproj", "{5C51D2B1-D549-4A15-BE24-598AE144F69F}"
EndProject
Global
	GlobalSection(SolutionConfigurationPlatforms) = preSolution
		Debug|Any CPU = Debug|Any CPU
		Release|Any CPU = Release|Any CPU
	EndGlobalSection
	GlobalSection(ProjectConfigurationPlatforms) = postSolution
		{C433E932-769B-42B7-A947-CA3A13AE6683}.Debug|Any CPU.ActiveCfg = Debug|Any CPU
		{C433E932-769B-42B7-A947-CA3A13AE6683}.Debug|Any CPU.Build.0 = Debug|Any CPU
		{C433E932-769B-42B7-A947-CA3A13AE6683}.Release|Any CPU.ActiveCfg = Debug|Any CPU
		{C433E932-769B-42B7-A947-CA3A13AE6683}.Release|Any CPU.Build.0 = Debug|Any CPU
		{5C51D2B1-D549-4A15-BE24-598AE144F69F}.Debug|Any CPU.ActiveCfg = Debug|Any CPU
		{5C51D2B1-D549-4A15-BE24-598AE144F69F}.Debug|Any CPU.Build.0 = Debug|Any CPU
		{5C51D2B1-D549-4A15-BE24-598AE144F69F}.Release|Any CPU.ActiveCfg = Release|Any CPU
		{5C51D2B1-D549-4A15-BE24-598AE144F69F}.Release|Any CPU.Build.0 = Release|Any CPU
	EndGlobalSection
	GlobalSection(SolutionProperties) = preSolution
		HideSolutionNode = FALSE
	EndGlobalSection
EndGlobal
